// !$*UTF8*$!
{
	archiveVersion = 1;
	classes = {
	};
	objectVersion = 46;
	objects = {

/* Begin PBXBuildFile section */
		B203A2C21B25E8F50074DBC8 /* MyCell.xib in Resources */ = {isa = PBXBuildFile; fileRef = B203A2C11B25E8F50074DBC8 /* MyCell.xib */; };
		B233CC161B23438900C3F07A /* main.m in Sources */ = {isa = PBXBuildFile; fileRef = B233CC151B23438900C3F07A /* main.m */; };
		B233CC191B23438900C3F07A /* AppDelegate.m in Sources */ = {isa = PBXBuildFile; fileRef = B233CC181B23438900C3F07A /* AppDelegate.m */; };
		B233CC1C1B23438900C3F07A /* ViewController.m in Sources */ = {isa = PBXBuildFile; fileRef = B233CC1B1B23438900C3F07A /* ViewController.m */; };
		B233CC1F1B23438900C3F07A /* Main.storyboard in Resources */ = {isa = PBXBuildFile; fileRef = B233CC1D1B23438900C3F07A /* Main.storyboard */; };
		B233CC211B23438900C3F07A /* Images.xcassets in Resources */ = {isa = PBXBuildFile; fileRef = B233CC201B23438900C3F07A /* Images.xcassets */; };
		B233CC241B23438900C3F07A /* LaunchScreen.xib in Resources */ = {isa = PBXBuildFile; fileRef = B233CC221B23438900C3F07A /* LaunchScreen.xib */; };
		B233CC301B23438900C3F07A /* TipCalculatorTests.m in Sources */ = {isa = PBXBuildFile; fileRef = B233CC2F1B23438900C3F07A /* TipCalculatorTests.m */; };
		B233CC3C1B2449D700C3F07A /* SettingsViewController.m in Sources */ = {isa = PBXBuildFile; fileRef = B233CC3A1B2449D700C3F07A /* SettingsViewController.m */; };
		B233CC3D1B2449D700C3F07A /* SettingsViewController.xib in Resources */ = {isa = PBXBuildFile; fileRef = B233CC3B1B2449D700C3F07A /* SettingsViewController.xib */; };
/* End PBXBuildFile section */

/* Begin PBXContainerItemProxy section */
		B233CC2A1B23438900C3F07A /* PBXContainerItemProxy */ = {
			isa = PBXContainerItemProxy;
			containerPortal = B233CC081B23438800C3F07A /* Project object */;
			proxyType = 1;
			remoteGlobalIDString = B233CC0F1B23438800C3F07A;
			remoteInfo = TipCalculator;
		};
/* End PBXContainerItemProxy section */

/* Begin PBXFileReference section */
		B203A2C11B25E8F50074DBC8 /* MyCell.xib */ = {isa = PBXFileReference; fileEncoding = 4; lastKnownFileType = file.xib; path = MyCell.xib; sourceTree = "<group>"; };
		B233CC101B23438900C3F07A /* TipCalculator.app */ = {isa = PBXFileReference; explicitFileType = wrapper.application; includeInIndex = 0; path = TipCalculator.app; sourceTree = BUILT_PRODUCTS_DIR; };
		B233CC141B23438900C3F07A /* Info.plist */ = {isa = PBXFileReference; lastKnownFileType = text.plist.xml; path = Info.plist; sourceTree = "<group>"; };
		B233CC151B23438900C3F07A /* main.m */ = {isa = PBXFileReference; lastKnownFileType = sourcecode.c.objc; path = main.m; sourceTree = "<group>"; };
		B233CC171B23438900C3F07A /* AppDelegate.h */ = {isa = PBXFileReference; lastKnownFileType = sourcecode.c.h; path = AppDelegate.h; sourceTree = "<group>"; };
		B233CC181B23438900C3F07A /* AppDelegate.m */ = {isa = PBXFileReference; lastKnownFileType = sourcecode.c.objc; path = AppDelegate.m; sourceTree = "<group>"; };
		B233CC1A1B23438900C3F07A /* ViewController.h */ = {isa = PBXFileReference; lastKnownFileType = sourcecode.c.h; path = ViewController.h; sourceTree = "<group>"; };
		B233CC1B1B23438900C3F07A /* ViewController.m */ = {isa = PBXFileReference; lastKnownFileType = sourcecode.c.objc; path = ViewController.m; sourceTree = "<group>"; };
		B233CC1E1B23438900C3F07A /* Base */ = {isa = PBXFileReference; lastKnownFileType = file.storyboard; name = Base; path = Base.lproj/Main.storyboard; sourceTree = "<group>"; };
		B233CC201B23438900C3F07A /* Images.xcassets */ = {isa = PBXFileReference; lastKnownFileType = folder.assetcatalog; path = Images.xcassets; sourceTree = "<group>"; };
		B233CC231B23438900C3F07A /* Base */ = {isa = PBXFileReference; lastKnownFileType = file.xib; name = Base; path = Base.lproj/LaunchScreen.xib; sourceTree = "<group>"; };
		B233CC291B23438900C3F07A /* TipCalculatorTests.xctest */ = {isa = PBXFileReference; explicitFileType = wrapper.cfbundle; includeInIndex = 0; path = TipCalculatorTests.xctest; sourceTree = BUILT_PRODUCTS_DIR; };
		B233CC2E1B23438900C3F07A /* Info.plist */ = {isa = PBXFileReference; lastKnownFileType = text.plist.xml; path = Info.plist; sourceTree = "<group>"; };
		B233CC2F1B23438900C3F07A /* TipCalculatorTests.m */ = {isa = PBXFileReference; lastKnownFileType = sourcecode.c.objc; path = TipCalculatorTests.m; sourceTree = "<group>"; };
		B233CC391B2449D700C3F07A /* SettingsViewController.h */ = {isa = PBXFileReference; fileEncoding = 4; lastKnownFileType = sourcecode.c.h; path = SettingsViewController.h; sourceTree = "<group>"; };
		B233CC3A1B2449D700C3F07A /* SettingsViewController.m */ = {isa = PBXFileReference; fileEncoding = 4; lastKnownFileType = sourcecode.c.objc; path = SettingsViewController.m; sourceTree = "<group>"; };
		B233CC3B1B2449D700C3F07A /* SettingsViewController.xib */ = {isa = PBXFileReference; fileEncoding = 4; lastKnownFileType = file.xib; path = SettingsViewController.xib; sourceTree = "<group>"; };
/* End PBXFileReference section */

/* Begin PBXFrameworksBuildPhase section */
		B233CC0D1B23438800C3F07A /* Frameworks */ = {
			isa = PBXFrameworksBuildPhase;
			buildActionMask = 2147483647;
			files = (
			);
			runOnlyForDeploymentPostprocessing = 0;
		};
		B233CC261B23438900C3F07A /* Frameworks */ = {
			isa = PBXFrameworksBuildPhase;
			buildActionMask = 2147483647;
			files = (
			);
			runOnlyForDeploymentPostprocessing = 0;
		};
/* End PBXFrameworksBuildPhase section */

/* Begin PBXGroup section */
		B233CC071B23438800C3F07A = {
			isa = PBXGroup;
			children = (
				B233CC121B23438900C3F07A /* TipCalculator */,
				B233CC2C1B23438900C3F07A /* TipCalculatorTests */,
				B233CC111B23438900C3F07A /* Products */,
			);
			sourceTree = "<group>";
		};
		B233CC111B23438900C3F07A /* Products */ = {
			isa = PBXGroup;
			children = (
				B233CC101B23438900C3F07A /* TipCalculator.app */,
				B233CC291B23438900C3F07A /* TipCalculatorTests.xctest */,
			);
			name = Products;
			sourceTree = "<group>";
		};
		B233CC121B23438900C3F07A /* TipCalculator */ = {
			isa = PBXGroup;
			children = (
				B233CC171B23438900C3F07A /* AppDelegate.h */,
				B233CC181B23438900C3F07A /* AppDelegate.m */,
				B233CC1A1B23438900C3F07A /* ViewController.h */,
				B233CC1B1B23438900C3F07A /* ViewController.m */,
				B233CC1D1B23438900C3F07A /* Main.storyboard */,
				B233CC201B23438900C3F07A /* Images.xcassets */,
				B233CC221B23438900C3F07A /* LaunchScreen.xib */,
				B233CC131B23438900C3F07A /* Supporting Files */,
				B233CC391B2449D700C3F07A /* SettingsViewController.h */,
				B233CC3A1B2449D700C3F07A /* SettingsViewController.m */,
				B233CC3B1B2449D700C3F07A /* SettingsViewController.xib */,
				B203A2C11B25E8F50074DBC8 /* MyCell.xib */,
			);
			path = TipCalculator;
			sourceTree = "<group>";
		};
		B233CC131B23438900C3F07A /* Supporting Files */ = {
			isa = PBXGroup;
			children = (
				B233CC141B23438900C3F07A /* Info.plist */,
				B233CC151B23438900C3F07A /* main.m */,
			);
			name = "Supporting Files";
			sourceTree = "<group>";
		};
		B233CC2C1B23438900C3F07A /* TipCalculatorTests */ = {
			isa = PBXGroup;
			children = (
				B233CC2F1B23438900C3F07A /* TipCalculatorTests.m */,
				B233CC2D1B23438900C3F07A /* Supporting Files */,
			);
			path = TipCalculatorTests;
			sourceTree = "<group>";
		};
		B233CC2D1B23438900C3F07A /* Supporting Files */ = {
			isa = PBXGroup;
			children = (
				B233CC2E1B23438900C3F07A /* Info.plist */,
			);
			name = "Supporting Files";
			sourceTree = "<group>";
		};
/* End PBXGroup section */

/* Begin PBXNativeTarget section */
		B233CC0F1B23438800C3F07A /* TipCalculator */ = {
			isa = PBXNativeTarget;
			buildConfigurationList = B233CC331B23438900C3F07A /* Build configuration list for PBXNativeTarget "TipCalculator" */;
			buildPhases = (
				B233CC0C1B23438800C3F07A /* Sources */,
				B233CC0D1B23438800C3F07A /* Frameworks */,
				B233CC0E1B23438800C3F07A /* Resources */,
			);
			buildRules = (
			);
			dependencies = (
			);
			name = TipCalculator;
			productName = TipCalculator;
			productReference = B233CC101B23438900C3F07A /* TipCalculator.app */;
			productType = "com.apple.product-type.application";
		};
		B233CC281B23438900C3F07A /* TipCalculatorTests */ = {
			isa = PBXNativeTarget;
			buildConfigurationList = B233CC361B23438900C3F07A /* Build configuration list for PBXNativeTarget "TipCalculatorTests" */;
			buildPhases = (
				B233CC251B23438900C3F07A /* Sources */,
				B233CC261B23438900C3F07A /* Frameworks */,
				B233CC271B23438900C3F07A /* Resources */,
			);
			buildRules = (
			);
			dependencies = (
				B233CC2B1B23438900C3F07A /* PBXTargetDependency */,
			);
			name = TipCalculatorTests;
			productName = TipCalculatorTests;
			productReference = B233CC291B23438900C3F07A /* TipCalculatorTests.xctest */;
			productType = "com.apple.product-type.bundle.unit-test";
		};
/* End PBXNativeTarget section */

/* Begin PBXProject section */
		B233CC081B23438800C3F07A /* Project object */ = {
			isa = PBXProject;
			attributes = {
				LastUpgradeCheck = 0630;
				ORGANIZATIONNAME = Yahoo;
				TargetAttributes = {
					B233CC0F1B23438800C3F07A = {
						CreatedOnToolsVersion = 6.3.1;
					};
					B233CC281B23438900C3F07A = {
						CreatedOnToolsVersion = 6.3.1;
						TestTargetID = B233CC0F1B23438800C3F07A;
					};
				};
			};
			buildConfigurationList = B233CC0B1B23438800C3F07A /* Build configuration list for PBXProject "TipCalculator" */;
			compatibilityVersion = "Xcode 3.2";
			developmentRegion = English;
			hasScannedForEncodings = 0;
			knownRegions = (
				en,
				Base,
			);
			mainGroup = B233CC071B23438800C3F07A;
			productRefGroup = B233CC111B23438900C3F07A /* Products */;
			projectDirPath = "";
			projectRoot = "";
			targets = (
				B233CC0F1B23438800C3F07A /* TipCalculator */,
				B233CC281B23438900C3F07A /* TipCalculatorTests */,
			);
		};
/* End PBXProject section */

/* Begin PBXResourcesBuildPhase section */
		B233CC0E1B23438800C3F07A /* Resources */ = {
			isa = PBXResourcesBuildPhase;
			buildActionMask = 2147483647;
			files = (
				B233CC1F1B23438900C3F07A /* Main.storyboard in Resources */,
				B233CC241B23438900C3F07A /* LaunchScreen.xib in Resources */,
				B233CC211B23438900C3F07A /* Images.xcassets in Resources */,
				B233CC3D1B2449D700C3F07A /* SettingsViewController.xib in Resources */,
				B203A2C21B25E8F50074DBC8 /* MyCell.xib in Resources */,
			);
			runOnlyForDeploymentPostprocessing = 0;
		};
		B233CC271B23438900C3F07A /* Resources */ = {
			isa = PBXResourcesBuildPhase;
			buildActionMask = 2147483647;
			files = (
			);
			runOnlyForDeploymentPostprocessing = 0;
		};
/* End PBXResourcesBuildPhase section */

/* Begin PBXSourcesBuildPhase section */
		B233CC0C1B23438800C3F07A /* Sources */ = {
			isa = PBXSourcesBuildPhase;
			buildActionMask = 2147483647;
			files = (
				B233CC1C1B23438900C3F07A /* ViewController.m in Sources */,
				B233CC191B23438900C3F07A /* AppDelegate.m in Sources */,
				B233CC161B23438900C3F07A /* main.m in Sources */,
				B233CC3C1B2449D700C3F07A /* SettingsViewController.m in Sources */,
			);
			runOnlyForDeploymentPostprocessing = 0;
		};
		B233CC251B23438900C3F07A /* Sources */ = {
			isa = PBXSourcesBuildPhase;
			buildActionMask = 2147483647;
			files = (
				B233CC301B23438900C3F07A /* TipCalculatorTests.m in Sources */,
			);
			runOnlyForDeploymentPostprocessing = 0;
		};
/* End PBXSourcesBuildPhase section */

/* Begin PBXTargetDependency section */
		B233CC2B1B23438900C3F07A /* PBXTargetDependency */ = {
			isa = PBXTargetDependency;
			target = B233CC0F1B23438800C3F07A /* TipCalculator */;
			targetProxy = B233CC2A1B23438900C3F07A /* PBXContainerItemProxy */;
		};
/* End PBXTargetDependency section */

/* Begin PBXVariantGroup section */
		B233CC1D1B23438900C3F07A /* Main.storyboard */ = {
			isa = PBXVariantGroup;
			children = (
				B233CC1E1B23438900C3F07A /* Base */,
			);
			name = Main.storyboard;
			sourceTree = "<group>";
		};
		B233CC221B23438900C3F07A /* LaunchScreen.xib */ = {
			isa = PBXVariantGroup;
			children = (
				B233CC231B23438900C3F07A /* Base */,
			);
			name = LaunchScreen.xib;
			sourceTree = "<group>";
		};
/* End PBXVariantGroup section */

/* Begin XCBuildConfiguration section */
		B233CC311B23438900C3F07A /* Debug */ = {
			isa = XCBuildConfiguration;
			buildSettings = {
				ALWAYS_SEARCH_USER_PATHS = NO;
				CLANG_CXX_LANGUAGE_STANDARD = "gnu++0x";
				CLANG_CXX_LIBRARY = "libc++";
				CLANG_ENABLE_MODULES = YES;
				CLANG_ENABLE_OBJC_ARC = YES;
				CLANG_WARN_BOOL_CONVERSION = YES;
				CLANG_WARN_CONSTANT_CONVERSION = YES;
				CLANG_WARN_DIRECT_OBJC_ISA_USAGE = YES_ERROR;
				CLANG_WARN_EMPTY_BODY = YES;
				CLANG_WARN_ENUM_CONVERSION = YES;
				CLANG_WARN_INT_CONVERSION = YES;
				CLANG_WARN_OBJC_ROOT_CLASS = YES_ERROR;
				CLANG_WARN_UNREACHABLE_CODE = YES;
				CLANG_WARN__DUPLICATE_METHOD_MATCH = YES;
				"CODE_SIGN_IDENTITY[sdk=iphoneos*]" = "iPhone Developer";
				COPY_PHASE_STRIP = NO;
				DEBUG_INFORMATION_FORMAT = "dwarf-with-dsym";
				ENABLE_STRICT_OBJC_MSGSEND = YES;
				GCC_C_LANGUAGE_STANDARD = gnu99;
				GCC_DYNAMIC_NO_PIC = NO;
				GCC_NO_COMMON_BLOCKS = YES;
				GCC_OPTIMIZATION_LEVEL = 0;
				GCC_PREPROCESSOR_DEFINITIONS = (
					"DEBUG=1",
					"$(inherited)",
				);
				GCC_SYMBOLS_PRIVATE_EXTERN = NO;
				GCC_WARN_64_TO_32_BIT_CONVERSION = YES;
				GCC_WARN_ABOUT_RETURN_TYPE = YES_ERROR;
				GCC_WARN_UNDECLARED_SELECTOR = YES;
				GCC_WARN_UNINITIALIZED_AUTOS = YES_AGGRESSIVE;
				GCC_WARN_UNUSED_FUNCTION = YES;
				GCC_WARN_UNUSED_VARIABLE = YES;
				IPHONEOS_DEPLOYMENT_TARGET = 6.0;
				MTL_ENABLE_DEBUG_INFO = YES;
				ONLY_ACTIVE_ARCH = YES;
				SDKROOT = iphoneos;
				TARGETED_DEVICE_FAMILY = "1,2";
			};
			name = Debug;
		};
		B233CC321B23438900C3F07A /* Release */ = {
			isa = XCBuildConfiguration;
			buildSettings = {
				ALWAYS_SEARCH_USER_PATHS = NO;
				CLANG_CXX_LANGUAGE_STANDARD = "gnu++0x";
				CLANG_CXX_LIBRARY = "libc++";
				CLANG_ENABLE_MODULES = YES;
				CLANG_ENABLE_OBJC_ARC = YES;
				CLANG_WARN_BOOL_CONVERSION = YES;
				CLANG_WARN_CONSTANT_CONVERSION = YES;
				CLANG_WARN_DIRECT_OBJC_ISA_USAGE = YES_ERROR;
				CLANG_WARN_EMPTY_BODY = YES;
				CLANG_WARN_ENUM_CONVERSION = YES;
				CLANG_WARN_INT_CONVERSION = YES;
				CLANG_WARN_OBJC_ROOT_CLASS = YES_ERROR;
				CLANG_WARN_UNREACHABLE_CODE = YES;
				CLANG_WARN__DUPLICATE_METHOD_MATCH = YES;
				"CODE_SIGN_IDENTITY[sdk=iphoneos*]" = "iPhone Developer";
				COPY_PHASE_STRIP = NO;
				DEBUG_INFORMATION_FORMAT = "dwarf-with-dsym";
				ENABLE_NS_ASSERTIONS = NO;
				ENABLE_STRICT_OBJC_MSGSEND = YES;
				GCC_C_LANGUAGE_STANDARD = gnu99;
				GCC_NO_COMMON_BLOCKS = YES;
				GCC_WARN_64_TO_32_BIT_CONVERSION = YES;
				GCC_WARN_ABOUT_RETURN_TYPE = YES_ERROR;
				GCC_WARN_UNDECLARED_SELECTOR = YES;
				GCC_WARN_UNINITIALIZED_AUTOS = YES_AGGRESSIVE;
				GCC_WARN_UNUSED_FUNCTION = YES;
				GCC_WARN_UNUSED_VARIABLE = YES;
				IPHONEOS_DEPLOYMENT_TARGET = 6.0;
				MTL_ENABLE_DEBUG_INFO = NO;
				SDKROOT = iphoneos;
				TARGETED_DEVICE_FAMILY = "1,2";
				VALIDATE_PRODUCT = YES;
			};
			name = Release;
		};
		B233CC341B23438900C3F07A /* Debug */ = {
			isa = XCBuildConfiguration;
			buildSettings = {
				ASSETCATALOG_COMPILER_APPICON_NAME = AppIcon;
				INFOPLIST_FILE = TipCalculator/Info.plist;
				IPHONEOS_DEPLOYMENT_TARGET = 6.0;
				LD_RUNPATH_SEARCH_PATHS = "$(inherited) @executable_path/Frameworks";
				PRODUCT_NAME = "$(TARGET_NAME)";
				TARGETED_DEVICE_FAMILY = 1;
			};
			name = Debug;
		};
		B233CC351B23438900C3F07A /* Release */ = {
			isa = XCBuildConfiguration;
			buildSettings = {
				ASSETCATALOG_COMPILER_APPICON_NAME = AppIcon;
				INFOPLIST_FILE = TipCalculator/Info.plist;
				IPHONEOS_DEPLOYMENT_TARGET = 6.0;
				LD_RUNPATH_SEARCH_PATHS = "$(inherited) @executable_path/Frameworks";
				PRODUCT_NAME = "$(TARGET_NAME)";
				TARGETED_DEVICE_FAMILY = 1;
			};
			name = Release;
		};
		B233CC371B23438900C3F07A /* Debug */ = {
			isa = XCBuildConfiguration;
			buildSettings = {
				BUNDLE_LOADER = "$(TEST_HOST)";
				FRAMEWORK_SEARCH_PATHS = (
					"$(SDKROOT)/Developer/Library/Frameworks",
					"$(inherited)",
				);
				GCC_PREPROCESSOR_DEFINITIONS = (
					"DEBUG=1",
					"$(inherited)",
				);
				INFOPLIST_FILE = TipCalculatorTests/Info.plist;
				LD_RUNPATH_SEARCH_PATHS = "$(inherited) @executable_path/Frameworks @loader_path/Frameworks";
				PRODUCT_NAME = "$(TARGET_NAME)";
				TEST_HOST = "$(BUILT_PRODUCTS_DIR)/TipCalculator.app/TipCalculator";
			};
			name = Debug;
		};
		B233CC381B23438900C3F07A /* Release */ = {
			isa = XCBuildConfiguration;
			buildSettings = {
				BUNDLE_LOADER = "$(TEST_HOST)";
				FRAMEWORK_SEARCH_PATHS = (
					"$(SDKROOT)/Developer/Library/Frameworks",
					"$(inherited)",
				);
				INFOPLIST_FILE = TipCalculatorTests/Info.plist;
				LD_RUNPATH_SEARCH_PATHS = "$(inherited) @executable_path/Frameworks @loader_path/Frameworks";
				PRODUCT_NAME = "$(TARGET_NAME)";
				TEST_HOST = "$(BUILT_PRODUCTS_DIR)/TipCalculator.app/TipCalculator";
			};
			name = Release;
		};
/* End XCBuildConfiguration section */

/* Begin XCConfigurationList section */
		B233CC0B1B23438800C3F07A /* Build configuration list for PBXProject "TipCalculator" */ = {
			isa = XCConfigurationList;
			buildConfigurations = (
				B233CC311B23438900C3F07A /* Debug */,
				B233CC321B23438900C3F07A /* Release */,
			);
			defaultConfigurationIsVisible = 0;
			defaultConfigurationName = Release;
		};
		B233CC331B23438900C3F07A /* Build configuration list for PBXNativeTarget "TipCalculator" */ = {
			isa = XCConfigurationList;
			buildConfigurations = (
				B233CC341B23438900C3F07A /* Debug */,
				B233CC351B23438900C3F07A /* Release */,
			);
			defaultConfigurationIsVisible = 0;
			defaultConfigurationName = Release;
		};
		B233CC361B23438900C3F07A /* Build configuration list for PBXNativeTarget "TipCalculatorTests" */ = {
			isa = XCConfigurationList;
			buildConfigurations = (
				B233CC371B23438900C3F07A /* Debug */,
				B233CC381B23438900C3F07A /* Release */,
			);
			defaultConfigurationIsVisible = 0;
			defaultConfigurationName = Release;
		};
/* End XCConfigurationList section */
	};
	rootObject = B233CC081B23438800C3F07A /* Project object */;
}
